// !$*UTF8*$!
{
	archiveVersion = 1;
	classes = {
	};
	objectVersion = 46;
	objects = {

/* Begin PBXBuildFile section */
		9080A5421C4F6E5500A55DC8 /* main.m in Sources */ = {isa = PBXBuildFile; fileRef = 9080A5411C4F6E5500A55DC8 /* main.m */; };
		9080A5451C4F6E5500A55DC8 /* AppDelegate.m in Sources */ = {isa = PBXBuildFile; fileRef = 9080A5441C4F6E5500A55DC8 /* AppDelegate.m */; };
		9080A5481C4F6E5500A55DC8 /* ViewController.m in Sources */ = {isa = PBXBuildFile; fileRef = 9080A5471C4F6E5500A55DC8 /* ViewController.m */; };
		9080A54B1C4F6E5500A55DC8 /* Main.storyboard in Resources */ = {isa = PBXBuildFile; fileRef = 9080A5491C4F6E5500A55DC8 /* Main.storyboard */; };
		9080A54D1C4F6E5500A55DC8 /* Assets.xcassets in Resources */ = {isa = PBXBuildFile; fileRef = 9080A54C1C4F6E5500A55DC8 /* Assets.xcassets */; };
		9080A5501C4F6E5500A55DC8 /* LaunchScreen.storyboard in Resources */ = {isa = PBXBuildFile; fileRef = 9080A54E1C4F6E5500A55DC8 /* LaunchScreen.storyboard */; };
		9080A55B1C4F6E5500A55DC8 /* demoTests.m in Sources */ = {isa = PBXBuildFile; fileRef = 9080A55A1C4F6E5500A55DC8 /* demoTests.m */; };
		9080A5661C4F6E5500A55DC8 /* demoUITests.m in Sources */ = {isa = PBXBuildFile; fileRef = 9080A5651C4F6E5500A55DC8 /* demoUITests.m */; };
		9080A5771C4F6EBD00A55DC8 /* SSKeychain.m in Sources */ = {isa = PBXBuildFile; fileRef = 9080A5741C4F6EBD00A55DC8 /* SSKeychain.m */; };
		9080A5781C4F6EBD00A55DC8 /* WXWKeyChainTool.m in Sources */ = {isa = PBXBuildFile; fileRef = 9080A5761C4F6EBD00A55DC8 /* WXWKeyChainTool.m */; };
/* End PBXBuildFile section */

/* Begin PBXContainerItemProxy section */
		9080A5571C4F6E5500A55DC8 /* PBXContainerItemProxy */ = {
			isa = PBXContainerItemProxy;
			containerPortal = 9080A5351C4F6E5500A55DC8 /* Project object */;
			proxyType = 1;
			remoteGlobalIDString = 9080A53C1C4F6E5500A55DC8;
			remoteInfo = demo;
		};
		9080A5621C4F6E5500A55DC8 /* PBXContainerItemProxy */ = {
			isa = PBXContainerItemProxy;
			containerPortal = 9080A5351C4F6E5500A55DC8 /* Project object */;
			proxyType = 1;
			remoteGlobalIDString = 9080A53C1C4F6E5500A55DC8;
			remoteInfo = demo;
		};
/* End PBXContainerItemProxy section */

/* Begin PBXFileReference section */
		9080A53D1C4F6E5500A55DC8 /* demo.app */ = {isa = PBXFileReference; explicitFileType = wrapper.application; includeInIndex = 0; path = demo.app; sourceTree = BUILT_PRODUCTS_DIR; };
		9080A5411C4F6E5500A55DC8 /* main.m */ = {isa = PBXFileReference; lastKnownFileType = sourcecode.c.objc; path = main.m; sourceTree = "<group>"; };
		9080A5431C4F6E5500A55DC8 /* AppDelegate.h */ = {isa = PBXFileReference; lastKnownFileType = sourcecode.c.h; path = AppDelegate.h; sourceTree = "<group>"; };
		9080A5441C4F6E5500A55DC8 /* AppDelegate.m */ = {isa = PBXFileReference; lastKnownFileType = sourcecode.c.objc; path = AppDelegate.m; sourceTree = "<group>"; };
		9080A5461C4F6E5500A55DC8 /* ViewController.h */ = {isa = PBXFileReference; lastKnownFileType = sourcecode.c.h; path = ViewController.h; sourceTree = "<group>"; };
		9080A5471C4F6E5500A55DC8 /* ViewController.m */ = {isa = PBXFileReference; lastKnownFileType = sourcecode.c.objc; path = ViewController.m; sourceTree = "<group>"; };
		9080A54A1C4F6E5500A55DC8 /* Base */ = {isa = PBXFileReference; lastKnownFileType = file.storyboard; name = Base; path = Base.lproj/Main.storyboard; sourceTree = "<group>"; };
		9080A54C1C4F6E5500A55DC8 /* Assets.xcassets */ = {isa = PBXFileReference; lastKnownFileType = folder.assetcatalog; path = Assets.xcassets; sourceTree = "<group>"; };
		9080A54F1C4F6E5500A55DC8 /* Base */ = {isa = PBXFileReference; lastKnownFileType = file.storyboard; name = Base; path = Base.lproj/LaunchScreen.storyboard; sourceTree = "<group>"; };
		9080A5511C4F6E5500A55DC8 /* Info.plist */ = {isa = PBXFileReference; lastKnownFileType = text.plist.xml; path = Info.plist; sourceTree = "<group>"; };
		9080A5561C4F6E5500A55DC8 /* demoTests.xctest */ = {isa = PBXFileReference; explicitFileType = wrapper.cfbundle; includeInIndex = 0; path = demoTests.xctest; sourceTree = BUILT_PRODUCTS_DIR; };
		9080A55A1C4F6E5500A55DC8 /* demoTests.m */ = {isa = PBXFileReference; lastKnownFileType = sourcecode.c.objc; path = demoTests.m; sourceTree = "<group>"; };
		9080A55C1C4F6E5500A55DC8 /* Info.plist */ = {isa = PBXFileReference; lastKnownFileType = text.plist.xml; path = Info.plist; sourceTree = "<group>"; };
		9080A5611C4F6E5500A55DC8 /* demoUITests.xctest */ = {isa = PBXFileReference; explicitFileType = wrapper.cfbundle; includeInIndex = 0; path = demoUITests.xctest; sourceTree = BUILT_PRODUCTS_DIR; };
		9080A5651C4F6E5500A55DC8 /* demoUITests.m */ = {isa = PBXFileReference; lastKnownFileType = sourcecode.c.objc; path = demoUITests.m; sourceTree = "<group>"; };
		9080A5671C4F6E5500A55DC8 /* Info.plist */ = {isa = PBXFileReference; lastKnownFileType = text.plist.xml; path = Info.plist; sourceTree = "<group>"; };
		9080A5731C4F6EBD00A55DC8 /* SSKeychain.h */ = {isa = PBXFileReference; fileEncoding = 4; lastKnownFileType = sourcecode.c.h; path = SSKeychain.h; sourceTree = "<group>"; };
		9080A5741C4F6EBD00A55DC8 /* SSKeychain.m */ = {isa = PBXFileReference; fileEncoding = 4; lastKnownFileType = sourcecode.c.objc; path = SSKeychain.m; sourceTree = "<group>"; };
		9080A5751C4F6EBD00A55DC8 /* WXWKeyChainTool.h */ = {isa = PBXFileReference; fileEncoding = 4; lastKnownFileType = sourcecode.c.h; path = WXWKeyChainTool.h; sourceTree = "<group>"; };
		9080A5761C4F6EBD00A55DC8 /* WXWKeyChainTool.m */ = {isa = PBXFileReference; fileEncoding = 4; lastKnownFileType = sourcecode.c.objc; path = WXWKeyChainTool.m; sourceTree = "<group>"; };
/* End PBXFileReference section */

/* Begin PBXFrameworksBuildPhase section */
		9080A53A1C4F6E5500A55DC8 /* Frameworks */ = {
			isa = PBXFrameworksBuildPhase;
			buildActionMask = 2147483647;
			files = (
			);
			runOnlyForDeploymentPostprocessing = 0;
		};
		9080A5531C4F6E5500A55DC8 /* Frameworks */ = {
			isa = PBXFrameworksBuildPhase;
			buildActionMask = 2147483647;
			files = (
			);
			runOnlyForDeploymentPostprocessing = 0;
		};
		9080A55E1C4F6E5500A55DC8 /* Frameworks */ = {
			isa = PBXFrameworksBuildPhase;
			buildActionMask = 2147483647;
			files = (
			);
			runOnlyForDeploymentPostprocessing = 0;
		};
/* End PBXFrameworksBuildPhase section */

/* Begin PBXGroup section */
		9080A5341C4F6E5500A55DC8 = {
			isa = PBXGroup;
			children = (
				9080A53F1C4F6E5500A55DC8 /* demo */,
				9080A5591C4F6E5500A55DC8 /* demoTests */,
				9080A5641C4F6E5500A55DC8 /* demoUITests */,
				9080A53E1C4F6E5500A55DC8 /* Products */,
			);
			sourceTree = "<group>";
		};
		9080A53E1C4F6E5500A55DC8 /* Products */ = {
			isa = PBXGroup;
			children = (
				9080A53D1C4F6E5500A55DC8 /* demo.app */,
				9080A5561C4F6E5500A55DC8 /* demoTests.xctest */,
				9080A5611C4F6E5500A55DC8 /* demoUITests.xctest */,
			);
			name = Products;
			sourceTree = "<group>";
		};
		9080A53F1C4F6E5500A55DC8 /* demo */ = {
			isa = PBXGroup;
			children = (
				9080A5731C4F6EBD00A55DC8 /* SSKeychain.h */,
				9080A5741C4F6EBD00A55DC8 /* SSKeychain.m */,
				9080A5751C4F6EBD00A55DC8 /* WXWKeyChainTool.h */,
				9080A5761C4F6EBD00A55DC8 /* WXWKeyChainTool.m */,
				9080A5431C4F6E5500A55DC8 /* AppDelegate.h */,
				9080A5441C4F6E5500A55DC8 /* AppDelegate.m */,
				9080A5461C4F6E5500A55DC8 /* ViewController.h */,
				9080A5471C4F6E5500A55DC8 /* ViewController.m */,
				9080A5491C4F6E5500A55DC8 /* Main.storyboard */,
				9080A54C1C4F6E5500A55DC8 /* Assets.xcassets */,
				9080A54E1C4F6E5500A55DC8 /* LaunchScreen.storyboard */,
				9080A5511C4F6E5500A55DC8 /* Info.plist */,
				9080A5401C4F6E5500A55DC8 /* Supporting Files */,
			);
			path = demo;
			sourceTree = "<group>";
		};
		9080A5401C4F6E5500A55DC8 /* Supporting Files */ = {
			isa = PBXGroup;
			children = (
				9080A5411C4F6E5500A55DC8 /* main.m */,
			);
			name = "Supporting Files";
			sourceTree = "<group>";
		};
		9080A5591C4F6E5500A55DC8 /* demoTests */ = {
			isa = PBXGroup;
			children = (
				9080A55A1C4F6E5500A55DC8 /* demoTests.m */,
				9080A55C1C4F6E5500A55DC8 /* Info.plist */,
			);
			path = demoTests;
			sourceTree = "<group>";
		};
		9080A5641C4F6E5500A55DC8 /* demoUITests */ = {
			isa = PBXGroup;
			children = (
				9080A5651C4F6E5500A55DC8 /* demoUITests.m */,
				9080A5671C4F6E5500A55DC8 /* Info.plist */,
			);
			path = demoUITests;
			sourceTree = "<group>";
		};
/* End PBXGroup section */

/* Begin PBXNativeTarget section */
		9080A53C1C4F6E5500A55DC8 /* demo */ = {
			isa = PBXNativeTarget;
			buildConfigurationList = 9080A56A1C4F6E5500A55DC8 /* Build configuration list for PBXNativeTarget "demo" */;
			buildPhases = (
				9080A5391C4F6E5500A55DC8 /* Sources */,
				9080A53A1C4F6E5500A55DC8 /* Frameworks */,
				9080A53B1C4F6E5500A55DC8 /* Resources */,
			);
			buildRules = (
			);
			dependencies = (
			);
			name = demo;
			productName = demo;
			productReference = 9080A53D1C4F6E5500A55DC8 /* demo.app */;
			productType = "com.apple.product-type.application";
		};
		9080A5551C4F6E5500A55DC8 /* demoTests */ = {
			isa = PBXNativeTarget;
			buildConfigurationList = 9080A56D1C4F6E5500A55DC8 /* Build configuration list for PBXNativeTarget "demoTests" */;
			buildPhases = (
				9080A5521C4F6E5500A55DC8 /* Sources */,
				9080A5531C4F6E5500A55DC8 /* Frameworks */,
				9080A5541C4F6E5500A55DC8 /* Resources */,
			);
			buildRules = (
			);
			dependencies = (
				9080A5581C4F6E5500A55DC8 /* PBXTargetDependency */,
			);
			name = demoTests;
			productName = demoTests;
			productReference = 9080A5561C4F6E5500A55DC8 /* demoTests.xctest */;
			productType = "com.apple.product-type.bundle.unit-test";
		};
		9080A5601C4F6E5500A55DC8 /* demoUITests */ = {
			isa = PBXNativeTarget;
			buildConfigurationList = 9080A5701C4F6E5500A55DC8 /* Build configuration list for PBXNativeTarget "demoUITests" */;
			buildPhases = (
				9080A55D1C4F6E5500A55DC8 /* Sources */,
				9080A55E1C4F6E5500A55DC8 /* Frameworks */,
				9080A55F1C4F6E5500A55DC8 /* Resources */,
			);
			buildRules = (
			);
			dependencies = (
				9080A5631C4F6E5500A55DC8 /* PBXTargetDependency */,
			);
			name = demoUITests;
			productName = demoUITests;
			productReference = 9080A5611C4F6E5500A55DC8 /* demoUITests.xctest */;
			productType = "com.apple.product-type.bundle.ui-testing";
		};
/* End PBXNativeTarget section */

/* Begin PBXProject section */
		9080A5351C4F6E5500A55DC8 /* Project object */ = {
			isa = PBXProject;
			attributes = {
				LastUpgradeCheck = 0710;
				ORGANIZATIONNAME = Horizoom;
				TargetAttributes = {
					9080A53C1C4F6E5500A55DC8 = {
						CreatedOnToolsVersion = 7.1.1;
					};
					9080A5551C4F6E5500A55DC8 = {
						CreatedOnToolsVersion = 7.1.1;
						TestTargetID = 9080A53C1C4F6E5500A55DC8;
					};
					9080A5601C4F6E5500A55DC8 = {
						CreatedOnToolsVersion = 7.1.1;
						TestTargetID = 9080A53C1C4F6E5500A55DC8;
					};
				};
			};
			buildConfigurationList = 9080A5381C4F6E5500A55DC8 /* Build configuration list for PBXProject "demo" */;
			compatibilityVersion = "Xcode 3.2";
			developmentRegion = English;
			hasScannedForEncodings = 0;
			knownRegions = (
				en,
				Base,
			);
			mainGroup = 9080A5341C4F6E5500A55DC8;
			productRefGroup = 9080A53E1C4F6E5500A55DC8 /* Products */;
			projectDirPath = "";
			projectRoot = "";
			targets = (
				9080A53C1C4F6E5500A55DC8 /* demo */,
				9080A5551C4F6E5500A55DC8 /* demoTests */,
				9080A5601C4F6E5500A55DC8 /* demoUITests */,
			);
		};
/* End PBXProject section */

/* Begin PBXResourcesBuildPhase section */
		9080A53B1C4F6E5500A55DC8 /* Resources */ = {
			isa = PBXResourcesBuildPhase;
			buildActionMask = 2147483647;
			files = (
				9080A5501C4F6E5500A55DC8 /* LaunchScreen.storyboard in Resources */,
				9080A54D1C4F6E5500A55DC8 /* Assets.xcassets in Resources */,
				9080A54B1C4F6E5500A55DC8 /* Main.storyboard in Resources */,
			);
			runOnlyForDeploymentPostprocessing = 0;
		};
		9080A5541C4F6E5500A55DC8 /* Resources */ = {
			isa = PBXResourcesBuildPhase;
			buildActionMask = 2147483647;
			files = (
			);
			runOnlyForDeploymentPostprocessing = 0;
		};
		9080A55F1C4F6E5500A55DC8 /* Resources */ = {
			isa = PBXResourcesBuildPhase;
			buildActionMask = 2147483647;
			files = (
			);
			runOnlyForDeploymentPostprocessing = 0;
		};
/* End PBXResourcesBuildPhase section */

/* Begin PBXSourcesBuildPhase section */
		9080A5391C4F6E5500A55DC8 /* Sources */ = {
			isa = PBXSourcesBuildPhase;
			buildActionMask = 2147483647;
			files = (
				9080A5481C4F6E5500A55DC8 /* ViewController.m in Sources */,
				9080A5771C4F6EBD00A55DC8 /* SSKeychain.m in Sources */,
				9080A5451C4F6E5500A55DC8 /* AppDelegate.m in Sources */,
				9080A5421C4F6E5500A55DC8 /* main.m in Sources */,
				9080A5781C4F6EBD00A55DC8 /* WXWKeyChainTool.m in Sources */,
			);
			runOnlyForDeploymentPostprocessing = 0;
		};
		9080A5521C4F6E5500A55DC8 /* Sources */ = {
			isa = PBXSourcesBuildPhase;
			buildActionMask = 2147483647;
			files = (
				9080A55B1C4F6E5500A55DC8 /* demoTests.m in Sources */,
			);
			runOnlyForDeploymentPostprocessing = 0;
		};
		9080A55D1C4F6E5500A55DC8 /* Sources */ = {
			isa = PBXSourcesBuildPhase;
			buildActionMask = 2147483647;
			files = (
				9080A5661C4F6E5500A55DC8 /* demoUITests.m in Sources */,
			);
			runOnlyForDeploymentPostprocessing = 0;
		};
/* End PBXSourcesBuildPhase section */

/* Begin PBXTargetDependency section */
		9080A5581C4F6E5500A55DC8 /* PBXTargetDependency */ = {
			isa = PBXTargetDependency;
			target = 9080A53C1C4F6E5500A55DC8 /* demo */;
			targetProxy = 9080A5571C4F6E5500A55DC8 /* PBXContainerItemProxy */;
		};
		9080A5631C4F6E5500A55DC8 /* PBXTargetDependency */ = {
			isa = PBXTargetDependency;
			target = 9080A53C1C4F6E5500A55DC8 /* demo */;
			targetProxy = 9080A5621C4F6E5500A55DC8 /* PBXContainerItemProxy */;
		};
/* End PBXTargetDependency section */

/* Begin PBXVariantGroup section */
		9080A5491C4F6E5500A55DC8 /* Main.storyboard */ = {
			isa = PBXVariantGroup;
			children = (
				9080A54A1C4F6E5500A55DC8 /* Base */,
			);
			name = Main.storyboard;
			sourceTree = "<group>";
		};
		9080A54E1C4F6E5500A55DC8 /* LaunchScreen.storyboard */ = {
			isa = PBXVariantGroup;
			children = (
				9080A54F1C4F6E5500A55DC8 /* Base */,
			);
			name = LaunchScreen.storyboard;
			sourceTree = "<group>";
		};
/* End PBXVariantGroup section */

/* Begin XCBuildConfiguration section */
		9080A5681C4F6E5500A55DC8 /* Debug */ = {
			isa = XCBuildConfiguration;
			buildSettings = {
				ALWAYS_SEARCH_USER_PATHS = NO;
				CLANG_CXX_LANGUAGE_STANDARD = "gnu++0x";
				CLANG_CXX_LIBRARY = "libc++";
				CLANG_ENABLE_MODULES = YES;
				CLANG_ENABLE_OBJC_ARC = YES;
				CLANG_WARN_BOOL_CONVERSION = YES;
				CLANG_WARN_CONSTANT_CONVERSION = YES;
				CLANG_WARN_DIRECT_OBJC_ISA_USAGE = YES_ERROR;
				CLANG_WARN_EMPTY_BODY = YES;
				CLANG_WARN_ENUM_CONVERSION = YES;
				CLANG_WARN_INT_CONVERSION = YES;
				CLANG_WARN_OBJC_ROOT_CLASS = YES_ERROR;
				CLANG_WARN_UNREACHABLE_CODE = YES;
				CLANG_WARN__DUPLICATE_METHOD_MATCH = YES;
				"CODE_SIGN_IDENTITY[sdk=iphoneos*]" = "iPhone Developer";
				COPY_PHASE_STRIP = NO;
				DEBUG_INFORMATION_FORMAT = dwarf;
				ENABLE_STRICT_OBJC_MSGSEND = YES;
				ENABLE_TESTABILITY = YES;
				GCC_C_LANGUAGE_STANDARD = gnu99;
				GCC_DYNAMIC_NO_PIC = NO;
				GCC_NO_COMMON_BLOCKS = YES;
				GCC_OPTIMIZATION_LEVEL = 0;
				GCC_PREPROCESSOR_DEFINITIONS = (
					"DEBUG=1",
					"$(inherited)",
				);
				GCC_WARN_64_TO_32_BIT_CONVERSION = YES;
				GCC_WARN_ABOUT_RETURN_TYPE = YES_ERROR;
				GCC_WARN_UNDECLARED_SELECTOR = YES;
				GCC_WARN_UNINITIALIZED_AUTOS = YES_AGGRESSIVE;
				GCC_WARN_UNUSED_FUNCTION = YES;
				GCC_WARN_UNUSED_VARIABLE = YES;
				IPHONEOS_DEPLOYMENT_TARGET = 9.1;
				MTL_ENABLE_DEBUG_INFO = YES;
				ONLY_ACTIVE_ARCH = YES;
				SDKROOT = iphoneos;
				TARGETED_DEVICE_FAMILY = "1,2";
			};
			name = Debug;
		};
		9080A5691C4F6E5500A55DC8 /* Release */ = {
			isa = XCBuildConfiguration;
			buildSettings = {
				ALWAYS_SEARCH_USER_PATHS = NO;
				CLANG_CXX_LANGUAGE_STANDARD = "gnu++0x";
				CLANG_CXX_LIBRARY = "libc++";
				CLANG_ENABLE_MODULES = YES;
				CLANG_ENABLE_OBJC_ARC = YES;
				CLANG_WARN_BOOL_CONVERSION = YES;
				CLANG_WARN_CONSTANT_CONVERSION = YES;
				CLANG_WARN_DIRECT_OBJC_ISA_USAGE = YES_ERROR;
				CLANG_WARN_EMPTY_BODY = YES;
				CLANG_WARN_ENUM_CONVERSION = YES;
				CLANG_WARN_INT_CONVERSION = YES;
				CLANG_WARN_OBJC_ROOT_CLASS = YES_ERROR;
				CLANG_WARN_UNREACHABLE_CODE = YES;
				CLANG_WARN__DUPLICATE_METHOD_MATCH = YES;
				"CODE_SIGN_IDENTITY[sdk=iphoneos*]" = "iPhone Developer";
				COPY_PHASE_STRIP = NO;
				DEBUG_INFORMATION_FORMAT = "dwarf-with-dsym";
				ENABLE_NS_ASSERTIONS = NO;
				ENABLE_STRICT_OBJC_MSGSEND = YES;
				GCC_C_LANGUAGE_STANDARD = gnu99;
				GCC_NO_COMMON_BLOCKS = YES;
				GCC_WARN_64_TO_32_BIT_CONVERSION = YES;
				GCC_WARN_ABOUT_RETURN_TYPE = YES_ERROR;
				GCC_WARN_UNDECLARED_SELECTOR = YES;
				GCC_WARN_UNINITIALIZED_AUTOS = YES_AGGRESSIVE;
				GCC_WARN_UNUSED_FUNCTION = YES;
				GCC_WARN_UNUSED_VARIABLE = YES;
				IPHONEOS_DEPLOYMENT_TARGET = 9.1;
				MTL_ENABLE_DEBUG_INFO = NO;
				SDKROOT = iphoneos;
				TARGETED_DEVICE_FAMILY = "1,2";
				VALIDATE_PRODUCT = YES;
			};
			name = Release;
		};
		9080A56B1C4F6E5500A55DC8 /* Debug */ = {
			isa = XCBuildConfiguration;
			buildSettings = {
				ASSETCATALOG_COMPILER_APPICON_NAME = AppIcon;
				INFOPLIST_FILE = demo/Info.plist;
				LD_RUNPATH_SEARCH_PATHS = "$(inherited) @executable_path/Frameworks";
				PRODUCT_BUNDLE_IDENTIFIER = Horizoom.demo;
				PRODUCT_NAME = "$(TARGET_NAME)";
			};
			name = Debug;
		};
		9080A56C1C4F6E5500A55DC8 /* Release */ = {
			isa = XCBuildConfiguration;
			buildSettings = {
				ASSETCATALOG_COMPILER_APPICON_NAME = AppIcon;
				INFOPLIST_FILE = demo/Info.plist;
				LD_RUNPATH_SEARCH_PATHS = "$(inherited) @executable_path/Frameworks";
				PRODUCT_BUNDLE_IDENTIFIER = Horizoom.demo;
				PRODUCT_NAME = "$(TARGET_NAME)";
			};
			name = Release;
		};
		9080A56E1C4F6E5500A55DC8 /* Debug */ = {
			isa = XCBuildConfiguration;
			buildSettings = {
				BUNDLE_LOADER = "$(TEST_HOST)";
				INFOPLIST_FILE = demoTests/Info.plist;
				LD_RUNPATH_SEARCH_PATHS = "$(inherited) @executable_path/Frameworks @loader_path/Frameworks";
				PRODUCT_BUNDLE_IDENTIFIER = Horizoom.demoTests;
				PRODUCT_NAME = "$(TARGET_NAME)";
				TEST_HOST = "$(BUILT_PRODUCTS_DIR)/demo.app/demo";
			};
			name = Debug;
		};
		9080A56F1C4F6E5500A55DC8 /* Release */ = {
			isa = XCBuildConfiguration;
			buildSettings = {
				BUNDLE_LOADER = "$(TEST_HOST)";
				INFOPLIST_FILE = demoTests/Info.plist;
				LD_RUNPATH_SEARCH_PATHS = "$(inherited) @executable_path/Frameworks @loader_path/Frameworks";
				PRODUCT_BUNDLE_IDENTIFIER = Horizoom.demoTests;
				PRODUCT_NAME = "$(TARGET_NAME)";
				TEST_HOST = "$(BUILT_PRODUCTS_DIR)/demo.app/demo";
			};
			name = Release;
		};
		9080A5711C4F6E5500A55DC8 /* Debug */ = {
			isa = XCBuildConfiguration;
			buildSettings = {
				INFOPLIST_FILE = demoUITests/Info.plist;
				LD_RUNPATH_SEARCH_PATHS = "$(inherited) @executable_path/Frameworks @loader_path/Frameworks";
				PRODUCT_BUNDLE_IDENTIFIER = Horizoom.demoUITests;
				PRODUCT_NAME = "$(TARGET_NAME)";
				TEST_TARGET_NAME = demo;
				USES_XCTRUNNER = YES;
			};
			name = Debug;
		};
		9080A5721C4F6E5500A55DC8 /* Release */ = {
			isa = XCBuildConfiguration;
			buildSettings = {
				INFOPLIST_FILE = demoUITests/Info.plist;
				LD_RUNPATH_SEARCH_PATHS = "$(inherited) @executable_path/Frameworks @loader_path/Frameworks";
				PRODUCT_BUNDLE_IDENTIFIER = Horizoom.demoUITests;
				PRODUCT_NAME = "$(TARGET_NAME)";
				TEST_TARGET_NAME = demo;
				USES_XCTRUNNER = YES;
			};
			name = Release;
		};
/* End XCBuildConfiguration section */

/* Begin XCConfigurationList section */
		9080A5381C4F6E5500A55DC8 /* Build configuration list for PBXProject "demo" */ = {
			isa = XCConfigurationList;
			buildConfigurations = (
				9080A5681C4F6E5500A55DC8 /* Debug */,
				9080A5691C4F6E5500A55DC8 /* Release */,
			);
			defaultConfigurationIsVisible = 0;
			defaultConfigurationName = Release;
		};
		9080A56A1C4F6E5500A55DC8 /* Build configuration list for PBXNativeTarget "demo" */ = {
			isa = XCConfigurationList;
			buildConfigurations = (
				9080A56B1C4F6E5500A55DC8 /* Debug */,
				9080A56C1C4F6E5500A55DC8 /* Release */,
			);
			defaultConfigurationIsVisible = 0;
		};
		9080A56D1C4F6E5500A55DC8 /* Build configuration list for PBXNativeTarget "demoTests" */ = {
			isa = XCConfigurationList;
			buildConfigurations = (
				9080A56E1C4F6E5500A55DC8 /* Debug */,
				9080A56F1C4F6E5500A55DC8 /* Release */,
			);
			defaultConfigurationIsVisible = 0;
		};
		9080A5701C4F6E5500A55DC8 /* Build configuration list for PBXNativeTarget "demoUITests" */ = {
			isa = XCConfigurationList;
			buildConfigurations = (
				9080A5711C4F6E5500A55DC8 /* Debug */,
				9080A5721C4F6E5500A55DC8 /* Release */,
			);
			defaultConfigurationIsVisible = 0;
		};
/* End XCConfigurationList section */
	};
	rootObject = 9080A5351C4F6E5500A55DC8 /* Project object */;
}
